// !$*UTF8*$!
{
	archiveVersion = 1;
	classes = {
	};
	objectVersion = 50;
	objects = {

/* Begin PBXBuildFile section */
		1BA5DA49241B6E7F00065C42 /* AppDelegate.swift in Sources */ = {isa = PBXBuildFile; fileRef = 1BA5DA48241B6E7F00065C42 /* AppDelegate.swift */; };
		1BA5DA4B241B6E7F00065C42 /* SceneDelegate.swift in Sources */ = {isa = PBXBuildFile; fileRef = 1BA5DA4A241B6E7F00065C42 /* SceneDelegate.swift */; };
		1BA5DA4D241B6E7F00065C42 /* ViewController.swift in Sources */ = {isa = PBXBuildFile; fileRef = 1BA5DA4C241B6E7F00065C42 /* ViewController.swift */; };
		1BA5DA50241B6E7F00065C42 /* Main.storyboard in Resources */ = {isa = PBXBuildFile; fileRef = 1BA5DA4E241B6E7F00065C42 /* Main.storyboard */; };
		1BA5DA52241B6E8200065C42 /* Assets.xcassets in Resources */ = {isa = PBXBuildFile; fileRef = 1BA5DA51241B6E8200065C42 /* Assets.xcassets */; };
		1BA5DA55241B6E8200065C42 /* LaunchScreen.storyboard in Resources */ = {isa = PBXBuildFile; fileRef = 1BA5DA53241B6E8200065C42 /* LaunchScreen.storyboard */; };
		1BA5DA5E241B702A00065C42 /* SimpleUIViewAnimation.storyboard in Resources */ = {isa = PBXBuildFile; fileRef = 1BA5DA5D241B702A00065C42 /* SimpleUIViewAnimation.storyboard */; };
		1BA5DA60241B703500065C42 /* AnimationOptions.storyboard in Resources */ = {isa = PBXBuildFile; fileRef = 1BA5DA5F241B703500065C42 /* AnimationOptions.storyboard */; };
		1BA5DA62241B704900065C42 /* UIViewSpringAnimation.storyboard in Resources */ = {isa = PBXBuildFile; fileRef = 1BA5DA61241B704900065C42 /* UIViewSpringAnimation.storyboard */; };
		1BA5DA64241B707200065C42 /* UIViewKeyframeAnimation.storyboard in Resources */ = {isa = PBXBuildFile; fileRef = 1BA5DA63241B707200065C42 /* UIViewKeyframeAnimation.storyboard */; };
		1BA5DA66241B707D00065C42 /* AutoLayoutAnimation.storyboard in Resources */ = {isa = PBXBuildFile; fileRef = 1BA5DA65241B707D00065C42 /* AutoLayoutAnimation.storyboard */; };
		1BA5DA68241B743300065C42 /* SimpleUIViewAnimationViewController.swift in Sources */ = {isa = PBXBuildFile; fileRef = 1BA5DA67241B743300065C42 /* SimpleUIViewAnimationViewController.swift */; };
		1BA5DA6A241B771500065C42 /* AnimationOptionsViewController.swift in Sources */ = {isa = PBXBuildFile; fileRef = 1BA5DA69241B771500065C42 /* AnimationOptionsViewController.swift */; };
/* End PBXBuildFile section */

/* Begin PBXFileReference section */
		1BA5DA45241B6E7F00065C42 /* AnimationStudy.app */ = {isa = PBXFileReference; explicitFileType = wrapper.application; includeInIndex = 0; path = AnimationStudy.app; sourceTree = BUILT_PRODUCTS_DIR; };
		1BA5DA48241B6E7F00065C42 /* AppDelegate.swift */ = {isa = PBXFileReference; lastKnownFileType = sourcecode.swift; path = AppDelegate.swift; sourceTree = "<group>"; };
		1BA5DA4A241B6E7F00065C42 /* SceneDelegate.swift */ = {isa = PBXFileReference; lastKnownFileType = sourcecode.swift; path = SceneDelegate.swift; sourceTree = "<group>"; };
		1BA5DA4C241B6E7F00065C42 /* ViewController.swift */ = {isa = PBXFileReference; lastKnownFileType = sourcecode.swift; path = ViewController.swift; sourceTree = "<group>"; };
		1BA5DA4F241B6E7F00065C42 /* Base */ = {isa = PBXFileReference; lastKnownFileType = file.storyboard; name = Base; path = Base.lproj/Main.storyboard; sourceTree = "<group>"; };
		1BA5DA51241B6E8200065C42 /* Assets.xcassets */ = {isa = PBXFileReference; lastKnownFileType = folder.assetcatalog; path = Assets.xcassets; sourceTree = "<group>"; };
		1BA5DA54241B6E8200065C42 /* Base */ = {isa = PBXFileReference; lastKnownFileType = file.storyboard; name = Base; path = Base.lproj/LaunchScreen.storyboard; sourceTree = "<group>"; };
		1BA5DA56241B6E8200065C42 /* Info.plist */ = {isa = PBXFileReference; lastKnownFileType = text.plist.xml; path = Info.plist; sourceTree = "<group>"; };
		1BA5DA5D241B702A00065C42 /* SimpleUIViewAnimation.storyboard */ = {isa = PBXFileReference; lastKnownFileType = file.storyboard; path = SimpleUIViewAnimation.storyboard; sourceTree = "<group>"; };
		1BA5DA5F241B703500065C42 /* AnimationOptions.storyboard */ = {isa = PBXFileReference; lastKnownFileType = file.storyboard; path = AnimationOptions.storyboard; sourceTree = "<group>"; };
		1BA5DA61241B704900065C42 /* UIViewSpringAnimation.storyboard */ = {isa = PBXFileReference; lastKnownFileType = file.storyboard; path = UIViewSpringAnimation.storyboard; sourceTree = "<group>"; };
		1BA5DA63241B707200065C42 /* UIViewKeyframeAnimation.storyboard */ = {isa = PBXFileReference; lastKnownFileType = file.storyboard; path = UIViewKeyframeAnimation.storyboard; sourceTree = "<group>"; };
		1BA5DA65241B707D00065C42 /* AutoLayoutAnimation.storyboard */ = {isa = PBXFileReference; lastKnownFileType = file.storyboard; path = AutoLayoutAnimation.storyboard; sourceTree = "<group>"; };
		1BA5DA67241B743300065C42 /* SimpleUIViewAnimationViewController.swift */ = {isa = PBXFileReference; lastKnownFileType = sourcecode.swift; path = SimpleUIViewAnimationViewController.swift; sourceTree = "<group>"; };
		1BA5DA69241B771500065C42 /* AnimationOptionsViewController.swift */ = {isa = PBXFileReference; lastKnownFileType = sourcecode.swift; path = AnimationOptionsViewController.swift; sourceTree = "<group>"; };
/* End PBXFileReference section */

/* Begin PBXFrameworksBuildPhase section */
		1BA5DA42241B6E7F00065C42 /* Frameworks */ = {
			isa = PBXFrameworksBuildPhase;
			buildActionMask = 2147483647;
			files = (
			);
			runOnlyForDeploymentPostprocessing = 0;
		};
/* End PBXFrameworksBuildPhase section */

/* Begin PBXGroup section */
		1BA5DA3C241B6E7F00065C42 = {
			isa = PBXGroup;
			children = (
				1BA5DA47241B6E7F00065C42 /* AnimationStudy */,
				1BA5DA46241B6E7F00065C42 /* Products */,
			);
			sourceTree = "<group>";
		};
		1BA5DA46241B6E7F00065C42 /* Products */ = {
			isa = PBXGroup;
			children = (
				1BA5DA45241B6E7F00065C42 /* AnimationStudy.app */,
			);
			name = Products;
			sourceTree = "<group>";
		};
		1BA5DA47241B6E7F00065C42 /* AnimationStudy */ = {
			isa = PBXGroup;
			children = (
				1BA5DA5C241B6E9200065C42 /* UIViewAnimation */,
				1BA5DA48241B6E7F00065C42 /* AppDelegate.swift */,
				1BA5DA4A241B6E7F00065C42 /* SceneDelegate.swift */,
				1BA5DA4C241B6E7F00065C42 /* ViewController.swift */,
				1BA5DA4E241B6E7F00065C42 /* Main.storyboard */,
				1BA5DA51241B6E8200065C42 /* Assets.xcassets */,
				1BA5DA53241B6E8200065C42 /* LaunchScreen.storyboard */,
				1BA5DA56241B6E8200065C42 /* Info.plist */,
			);
			path = AnimationStudy;
			sourceTree = "<group>";
		};
		1BA5DA5C241B6E9200065C42 /* UIViewAnimation */ = {
			isa = PBXGroup;
			children = (
				1BA5DA5D241B702A00065C42 /* SimpleUIViewAnimation.storyboard */,
				1BA5DA5F241B703500065C42 /* AnimationOptions.storyboard */,
				1BA5DA61241B704900065C42 /* UIViewSpringAnimation.storyboard */,
				1BA5DA63241B707200065C42 /* UIViewKeyframeAnimation.storyboard */,
				1BA5DA65241B707D00065C42 /* AutoLayoutAnimation.storyboard */,
				1BA5DA67241B743300065C42 /* SimpleUIViewAnimationViewController.swift */,
				1BA5DA69241B771500065C42 /* AnimationOptionsViewController.swift */,
			);
			path = UIViewAnimation;
			sourceTree = "<group>";
		};
/* End PBXGroup section */

/* Begin PBXNativeTarget section */
		1BA5DA44241B6E7F00065C42 /* AnimationStudy */ = {
			isa = PBXNativeTarget;
			buildConfigurationList = 1BA5DA59241B6E8200065C42 /* Build configuration list for PBXNativeTarget "AnimationStudy" */;
			buildPhases = (
				1BA5DA41241B6E7F00065C42 /* Sources */,
				1BA5DA42241B6E7F00065C42 /* Frameworks */,
				1BA5DA43241B6E7F00065C42 /* Resources */,
			);
			buildRules = (
			);
			dependencies = (
			);
			name = AnimationStudy;
			productName = AnimationStudy;
			productReference = 1BA5DA45241B6E7F00065C42 /* AnimationStudy.app */;
			productType = "com.apple.product-type.application";
		};
/* End PBXNativeTarget section */

/* Begin PBXProject section */
		1BA5DA3D241B6E7F00065C42 /* Project object */ = {
			isa = PBXProject;
			attributes = {
				LastSwiftUpdateCheck = 1130;
				LastUpgradeCheck = 1130;
				ORGANIZATIONNAME = kjm;
				TargetAttributes = {
					1BA5DA44241B6E7F00065C42 = {
						CreatedOnToolsVersion = 11.3.1;
					};
				};
			};
			buildConfigurationList = 1BA5DA40241B6E7F00065C42 /* Build configuration list for PBXProject "AnimationStudy" */;
			compatibilityVersion = "Xcode 9.3";
			developmentRegion = en;
			hasScannedForEncodings = 0;
			knownRegions = (
				en,
				Base,
			);
			mainGroup = 1BA5DA3C241B6E7F00065C42;
			productRefGroup = 1BA5DA46241B6E7F00065C42 /* Products */;
			projectDirPath = "";
			projectRoot = "";
			targets = (
				1BA5DA44241B6E7F00065C42 /* AnimationStudy */,
			);
		};
/* End PBXProject section */

/* Begin PBXResourcesBuildPhase section */
		1BA5DA43241B6E7F00065C42 /* Resources */ = {
			isa = PBXResourcesBuildPhase;
			buildActionMask = 2147483647;
			files = (
				1BA5DA5E241B702A00065C42 /* SimpleUIViewAnimation.storyboard in Resources */,
				1BA5DA55241B6E8200065C42 /* LaunchScreen.storyboard in Resources */,
				1BA5DA64241B707200065C42 /* UIViewKeyframeAnimation.storyboard in Resources */,
				1BA5DA52241B6E8200065C42 /* Assets.xcassets in Resources */,
				1BA5DA66241B707D00065C42 /* AutoLayoutAnimation.storyboard in Resources */,
				1BA5DA50241B6E7F00065C42 /* Main.storyboard in Resources */,
				1BA5DA62241B704900065C42 /* UIViewSpringAnimation.storyboard in Resources */,
				1BA5DA60241B703500065C42 /* AnimationOptions.storyboard in Resources */,
			);
			runOnlyForDeploymentPostprocessing = 0;
		};
/* End PBXResourcesBuildPhase section */

/* Begin PBXSourcesBuildPhase section */
		1BA5DA41241B6E7F00065C42 /* Sources */ = {
			isa = PBXSourcesBuildPhase;
			buildActionMask = 2147483647;
			files = (
				1BA5DA4D241B6E7F00065C42 /* ViewController.swift in Sources */,
				1BA5DA49241B6E7F00065C42 /* AppDelegate.swift in Sources */,
				1BA5DA68241B743300065C42 /* SimpleUIViewAnimationViewController.swift in Sources */,
				1BA5DA6A241B771500065C42 /* AnimationOptionsViewController.swift in Sources */,
				1BA5DA4B241B6E7F00065C42 /* SceneDelegate.swift in Sources */,
			);
			runOnlyForDeploymentPostprocessing = 0;
		};
/* End PBXSourcesBuildPhase section */

/* Begin PBXVariantGroup section */
		1BA5DA4E241B6E7F00065C42 /* Main.storyboard */ = {
			isa = PBXVariantGroup;
			children = (
				1BA5DA4F241B6E7F00065C42 /* Base */,
			);
			name = Main.storyboard;
			sourceTree = "<group>";
		};
		1BA5DA53241B6E8200065C42 /* LaunchScreen.storyboard */ = {
			isa = PBXVariantGroup;
			children = (
				1BA5DA54241B6E8200065C42 /* Base */,
			);
			name = LaunchScreen.storyboard;
			sourceTree = "<group>";
		};
/* End PBXVariantGroup section */

/* Begin XCBuildConfiguration section */
		1BA5DA57241B6E8200065C42 /* Debug */ = {
			isa = XCBuildConfiguration;
			buildSettings = {
				ALWAYS_SEARCH_USER_PATHS = NO;
				CLANG_ANALYZER_NONNULL = YES;
				CLANG_ANALYZER_NUMBER_OBJECT_CONVERSION = YES_AGGRESSIVE;
				CLANG_CXX_LANGUAGE_STANDARD = "gnu++14";
				CLANG_CXX_LIBRARY = "libc++";
				CLANG_ENABLE_MODULES = YES;
				CLANG_ENABLE_OBJC_ARC = YES;
				CLANG_ENABLE_OBJC_WEAK = YES;
				CLANG_WARN_BLOCK_CAPTURE_AUTORELEASING = YES;
				CLANG_WARN_BOOL_CONVERSION = YES;
				CLANG_WARN_COMMA = YES;
				CLANG_WARN_CONSTANT_CONVERSION = YES;
				CLANG_WARN_DEPRECATED_OBJC_IMPLEMENTATIONS = YES;
				CLANG_WARN_DIRECT_OBJC_ISA_USAGE = YES_ERROR;
				CLANG_WARN_DOCUMENTATION_COMMENTS = YES;
				CLANG_WARN_EMPTY_BODY = YES;
				CLANG_WARN_ENUM_CONVERSION = YES;
				CLANG_WARN_INFINITE_RECURSION = YES;
				CLANG_WARN_INT_CONVERSION = YES;
				CLANG_WARN_NON_LITERAL_NULL_CONVERSION = YES;
				CLANG_WARN_OBJC_IMPLICIT_RETAIN_SELF = YES;
				CLANG_WARN_OBJC_LITERAL_CONVERSION = YES;
				CLANG_WARN_OBJC_ROOT_CLASS = YES_ERROR;
				CLANG_WARN_RANGE_LOOP_ANALYSIS = YES;
				CLANG_WARN_STRICT_PROTOTYPES = YES;
				CLANG_WARN_SUSPICIOUS_MOVE = YES;
				CLANG_WARN_UNGUARDED_AVAILABILITY = YES_AGGRESSIVE;
				CLANG_WARN_UNREACHABLE_CODE = YES;
				CLANG_WARN__DUPLICATE_METHOD_MATCH = YES;
				COPY_PHASE_STRIP = NO;
				DEBUG_INFORMATION_FORMAT = dwarf;
				ENABLE_STRICT_OBJC_MSGSEND = YES;
				ENABLE_TESTABILITY = YES;
				GCC_C_LANGUAGE_STANDARD = gnu11;
				GCC_DYNAMIC_NO_PIC = NO;
				GCC_NO_COMMON_BLOCKS = YES;
				GCC_OPTIMIZATION_LEVEL = 0;
				GCC_PREPROCESSOR_DEFINITIONS = (
					"DEBUG=1",
					"$(inherited)",
				);
				GCC_WARN_64_TO_32_BIT_CONVERSION = YES;
				GCC_WARN_ABOUT_RETURN_TYPE = YES_ERROR;
				GCC_WARN_UNDECLARED_SELECTOR = YES;
				GCC_WARN_UNINITIALIZED_AUTOS = YES_AGGRESSIVE;
				GCC_WARN_UNUSED_FUNCTION = YES;
				GCC_WARN_UNUSED_VARIABLE = YES;
				IPHONEOS_DEPLOYMENT_TARGET = 13.2;
				MTL_ENABLE_DEBUG_INFO = INCLUDE_SOURCE;
				MTL_FAST_MATH = YES;
				ONLY_ACTIVE_ARCH = YES;
				SDKROOT = iphoneos;
				SWIFT_ACTIVE_COMPILATION_CONDITIONS = DEBUG;
				SWIFT_OPTIMIZATION_LEVEL = "-Onone";
			};
			name = Debug;
		};
		1BA5DA58241B6E8200065C42 /* Release */ = {
			isa = XCBuildConfiguration;
			buildSettings = {
				ALWAYS_SEARCH_USER_PATHS = NO;
				CLANG_ANALYZER_NONNULL = YES;
				CLANG_ANALYZER_NUMBER_OBJECT_CONVERSION = YES_AGGRESSIVE;
				CLANG_CXX_LANGUAGE_STANDARD = "gnu++14";
				CLANG_CXX_LIBRARY = "libc++";
				CLANG_ENABLE_MODULES = YES;
				CLANG_ENABLE_OBJC_ARC = YES;
				CLANG_ENABLE_OBJC_WEAK = YES;
				CLANG_WARN_BLOCK_CAPTURE_AUTORELEASING = YES;
				CLANG_WARN_BOOL_CONVERSION = YES;
				CLANG_WARN_COMMA = YES;
				CLANG_WARN_CONSTANT_CONVERSION = YES;
				CLANG_WARN_DEPRECATED_OBJC_IMPLEMENTATIONS = YES;
				CLANG_WARN_DIRECT_OBJC_ISA_USAGE = YES_ERROR;
				CLANG_WARN_DOCUMENTATION_COMMENTS = YES;
				CLANG_WARN_EMPTY_BODY = YES;
				CLANG_WARN_ENUM_CONVERSION = YES;
				CLANG_WARN_INFINITE_RECURSION = YES;
				CLANG_WARN_INT_CONVERSION = YES;
				CLANG_WARN_NON_LITERAL_NULL_CONVERSION = YES;
				CLANG_WARN_OBJC_IMPLICIT_RETAIN_SELF = YES;
				CLANG_WARN_OBJC_LITERAL_CONVERSION = YES;
				CLANG_WARN_OBJC_ROOT_CLASS = YES_ERROR;
				CLANG_WARN_RANGE_LOOP_ANALYSIS = YES;
				CLANG_WARN_STRICT_PROTOTYPES = YES;
				CLANG_WARN_SUSPICIOUS_MOVE = YES;
				CLANG_WARN_UNGUARDED_AVAILABILITY = YES_AGGRESSIVE;
				CLANG_WARN_UNREACHABLE_CODE = YES;
				CLANG_WARN__DUPLICATE_METHOD_MATCH = YES;
				COPY_PHASE_STRIP = NO;
				DEBUG_INFORMATION_FORMAT = "dwarf-with-dsym";
				ENABLE_NS_ASSERTIONS = NO;
				ENABLE_STRICT_OBJC_MSGSEND = YES;
				GCC_C_LANGUAGE_STANDARD = gnu11;
				GCC_NO_COMMON_BLOCKS = YES;
				GCC_WARN_64_TO_32_BIT_CONVERSION = YES;
				GCC_WARN_ABOUT_RETURN_TYPE = YES_ERROR;
				GCC_WARN_UNDECLARED_SELECTOR = YES;
				GCC_WARN_UNINITIALIZED_AUTOS = YES_AGGRESSIVE;
				GCC_WARN_UNUSED_FUNCTION = YES;
				GCC_WARN_UNUSED_VARIABLE = YES;
				IPHONEOS_DEPLOYMENT_TARGET = 13.2;
				MTL_ENABLE_DEBUG_INFO = NO;
				MTL_FAST_MATH = YES;
				SDKROOT = iphoneos;
				SWIFT_COMPILATION_MODE = wholemodule;
				SWIFT_OPTIMIZATION_LEVEL = "-O";
				VALIDATE_PRODUCT = YES;
			};
			name = Release;
		};
		1BA5DA5A241B6E8200065C42 /* Debug */ = {
			isa = XCBuildConfiguration;
			buildSettings = {
				ASSETCATALOG_COMPILER_APPICON_NAME = AppIcon;
				CODE_SIGN_STYLE = Automatic;
				INFOPLIST_FILE = AnimationStudy/Info.plist;
				LD_RUNPATH_SEARCH_PATHS = (
					"$(inherited)",
					"@executable_path/Frameworks",
				);
				PRODUCT_BUNDLE_IDENTIFIER = com.kjm.AnimationStudy;
				PRODUCT_NAME = "$(TARGET_NAME)";
				SWIFT_VERSION = 5.0;
				TARGETED_DEVICE_FAMILY = "1,2";
			};
			name = Debug;
		};
		1BA5DA5B241B6E8200065C42 /* Release */ = {
			isa = XCBuildConfiguration;
			buildSettings = {
				ASSETCATALOG_COMPILER_APPICON_NAME = AppIcon;
				CODE_SIGN_STYLE = Automatic;
				INFOPLIST_FILE = AnimationStudy/Info.plist;
				LD_RUNPATH_SEARCH_PATHS = (
					"$(inherited)",
					"@executable_path/Frameworks",
				);
				PRODUCT_BUNDLE_IDENTIFIER = com.kjm.AnimationStudy;
				PRODUCT_NAME = "$(TARGET_NAME)";
				SWIFT_VERSION = 5.0;
				TARGETED_DEVICE_FAMILY = "1,2";
			};
			name = Release;
		};
/* End XCBuildConfiguration section */

/* Begin XCConfigurationList section */
		1BA5DA40241B6E7F00065C42 /* Build configuration list for PBXProject "AnimationStudy" */ = {
			isa = XCConfigurationList;
			buildConfigurations = (
				1BA5DA57241B6E8200065C42 /* Debug */,
				1BA5DA58241B6E8200065C42 /* Release */,
			);
			defaultConfigurationIsVisible = 0;
			defaultConfigurationName = Release;
		};
		1BA5DA59241B6E8200065C42 /* Build configuration list for PBXNativeTarget "AnimationStudy" */ = {
			isa = XCConfigurationList;
			buildConfigurations = (
				1BA5DA5A241B6E8200065C42 /* Debug */,
				1BA5DA5B241B6E8200065C42 /* Release */,
			);
			defaultConfigurationIsVisible = 0;
			defaultConfigurationName = Release;
		};
/* End XCConfigurationList section */
	};
	rootObject = 1BA5DA3D241B6E7F00065C42 /* Project object */;
}
